// !$*UTF8*$!
{
	archiveVersion = 1;
	classes = {
	};
	objectVersion = 50;
	objects = {

/* Begin PBXBuildFile section */
		DA5BF29823382D7900E7BA52 /* play_button.png in Resources */ = {isa = PBXBuildFile; fileRef = DA5BF29723382D7900E7BA52 /* play_button.png */; };
		DA5BF29A23382D7E00E7BA52 /* stop_button.png in Resources */ = {isa = PBXBuildFile; fileRef = DA5BF29923382D7E00E7BA52 /* stop_button.png */; };
		DAE7841F23359F4100996DEF /* AppDelegate.swift in Sources */ = {isa = PBXBuildFile; fileRef = DAE7841E23359F4100996DEF /* AppDelegate.swift */; };
		DAE7842123359F4100996DEF /* ViewController.swift in Sources */ = {isa = PBXBuildFile; fileRef = DAE7842023359F4100996DEF /* ViewController.swift */; };
		DAE7842423359F4100996DEF /* Main.storyboard in Resources */ = {isa = PBXBuildFile; fileRef = DAE7842223359F4100996DEF /* Main.storyboard */; };
		DAE7842623359F4200996DEF /* Assets.xcassets in Resources */ = {isa = PBXBuildFile; fileRef = DAE7842523359F4200996DEF /* Assets.xcassets */; };
		DAE7842923359F4200996DEF /* LaunchScreen.storyboard in Resources */ = {isa = PBXBuildFile; fileRef = DAE7842723359F4200996DEF /* LaunchScreen.storyboard */; };
		DAE784312335B59B00996DEF /* VDEEWallPaper.png in Resources */ = {isa = PBXBuildFile; fileRef = DAE784302335B59B00996DEF /* VDEEWallPaper.png */; };
/* End PBXBuildFile section */

/* Begin PBXFileReference section */
		DA5BF29723382D7900E7BA52 /* play_button.png */ = {isa = PBXFileReference; lastKnownFileType = image.png; path = play_button.png; sourceTree = "<group>"; };
		DA5BF29923382D7E00E7BA52 /* stop_button.png */ = {isa = PBXFileReference; lastKnownFileType = image.png; path = stop_button.png; sourceTree = "<group>"; };
		DAE7841B23359F4100996DEF /* VDEE.app */ = {isa = PBXFileReference; explicitFileType = wrapper.application; includeInIndex = 0; path = VDEE.app; sourceTree = BUILT_PRODUCTS_DIR; };
		DAE7841E23359F4100996DEF /* AppDelegate.swift */ = {isa = PBXFileReference; lastKnownFileType = sourcecode.swift; path = AppDelegate.swift; sourceTree = "<group>"; };
		DAE7842023359F4100996DEF /* ViewController.swift */ = {isa = PBXFileReference; lastKnownFileType = sourcecode.swift; path = ViewController.swift; sourceTree = "<group>"; };
		DAE7842323359F4100996DEF /* Base */ = {isa = PBXFileReference; lastKnownFileType = file.storyboard; name = Base; path = Base.lproj/Main.storyboard; sourceTree = "<group>"; };
		DAE7842523359F4200996DEF /* Assets.xcassets */ = {isa = PBXFileReference; lastKnownFileType = folder.assetcatalog; path = Assets.xcassets; sourceTree = "<group>"; };
		DAE7842823359F4200996DEF /* Base */ = {isa = PBXFileReference; lastKnownFileType = file.storyboard; name = Base; path = Base.lproj/LaunchScreen.storyboard; sourceTree = "<group>"; };
		DAE7842A23359F4200996DEF /* Info.plist */ = {isa = PBXFileReference; lastKnownFileType = text.plist.xml; path = Info.plist; sourceTree = "<group>"; };
		DAE784302335B59B00996DEF /* VDEEWallPaper.png */ = {isa = PBXFileReference; lastKnownFileType = image.png; path = VDEEWallPaper.png; sourceTree = "<group>"; };
/* End PBXFileReference section */

/* Begin PBXFrameworksBuildPhase section */
		DAE7841823359F4100996DEF /* Frameworks */ = {
			isa = PBXFrameworksBuildPhase;
			buildActionMask = 2147483647;
			files = (
			);
			runOnlyForDeploymentPostprocessing = 0;
		};
/* End PBXFrameworksBuildPhase section */

/* Begin PBXGroup section */
		DAE7841223359F4100996DEF = {
			isa = PBXGroup;
			children = (
				DAE7841D23359F4100996DEF /* VDEE */,
				DAE7841C23359F4100996DEF /* Products */,
			);
			sourceTree = "<group>";
		};
		DAE7841C23359F4100996DEF /* Products */ = {
			isa = PBXGroup;
			children = (
				DAE7841B23359F4100996DEF /* VDEE.app */,
			);
			name = Products;
			sourceTree = "<group>";
		};
		DAE7841D23359F4100996DEF /* VDEE */ = {
			isa = PBXGroup;
			children = (
				DAE784302335B59B00996DEF /* VDEEWallPaper.png */,
				DAE7841E23359F4100996DEF /* AppDelegate.swift */,
				DA5BF29723382D7900E7BA52 /* play_button.png */,
				DAE7842023359F4100996DEF /* ViewController.swift */,
				DA5BF29923382D7E00E7BA52 /* stop_button.png */,
				DAE7842223359F4100996DEF /* Main.storyboard */,
				DAE7842523359F4200996DEF /* Assets.xcassets */,
				DAE7842723359F4200996DEF /* LaunchScreen.storyboard */,
				DAE7842A23359F4200996DEF /* Info.plist */,
			);
			path = VDEE;
			sourceTree = "<group>";
		};
/* End PBXGroup section */

/* Begin PBXNativeTarget section */
		DAE7841A23359F4100996DEF /* VDEE */ = {
			isa = PBXNativeTarget;
			buildConfigurationList = DAE7842D23359F4200996DEF /* Build configuration list for PBXNativeTarget "VDEE" */;
			buildPhases = (
				DAE7841723359F4100996DEF /* Sources */,
				DAE7841823359F4100996DEF /* Frameworks */,
				DAE7841923359F4100996DEF /* Resources */,
			);
			buildRules = (
			);
			dependencies = (
			);
			name = VDEE;
			productName = VDEE;
			productReference = DAE7841B23359F4100996DEF /* VDEE.app */;
			productType = "com.apple.product-type.application";
		};
/* End PBXNativeTarget section */

/* Begin PBXProject section */
		DAE7841323359F4100996DEF /* Project object */ = {
			isa = PBXProject;
			attributes = {
				LastSwiftUpdateCheck = 1030;
				LastUpgradeCheck = 1030;
				ORGANIZATIONNAME = "Voz Del Evangelio Eterno";
				TargetAttributes = {
					DAE7841A23359F4100996DEF = {
						CreatedOnToolsVersion = 10.3;
					};
				};
			};
			buildConfigurationList = DAE7841623359F4100996DEF /* Build configuration list for PBXProject "VDEE" */;
			compatibilityVersion = "Xcode 9.3";
			developmentRegion = en;
			hasScannedForEncodings = 0;
			knownRegions = (
				en,
				Base,
			);
			mainGroup = DAE7841223359F4100996DEF;
			productRefGroup = DAE7841C23359F4100996DEF /* Products */;
			projectDirPath = "";
			projectRoot = "";
			targets = (
				DAE7841A23359F4100996DEF /* VDEE */,
			);
		};
/* End PBXProject section */

/* Begin PBXResourcesBuildPhase section */
		DAE7841923359F4100996DEF /* Resources */ = {
			isa = PBXResourcesBuildPhase;
			buildActionMask = 2147483647;
			files = (
				DAE784312335B59B00996DEF /* VDEEWallPaper.png in Resources */,
				DAE7842923359F4200996DEF /* LaunchScreen.storyboard in Resources */,
				DA5BF29823382D7900E7BA52 /* play_button.png in Resources */,
				DAE7842623359F4200996DEF /* Assets.xcassets in Resources */,
				DAE7842423359F4100996DEF /* Main.storyboard in Resources */,
				DA5BF29A23382D7E00E7BA52 /* stop_button.png in Resources */,
			);
			runOnlyForDeploymentPostprocessing = 0;
		};
/* End PBXResourcesBuildPhase section */

/* Begin PBXSourcesBuildPhase section */
		DAE7841723359F4100996DEF /* Sources */ = {
			isa = PBXSourcesBuildPhase;
			buildActionMask = 2147483647;
			files = (
				DAE7842123359F4100996DEF /* ViewController.swift in Sources */,
				DAE7841F23359F4100996DEF /* AppDelegate.swift in Sources */,
			);
			runOnlyForDeploymentPostprocessing = 0;
		};
/* End PBXSourcesBuildPhase section */

/* Begin PBXVariantGroup section */
		DAE7842223359F4100996DEF /* Main.storyboard */ = {
			isa = PBXVariantGroup;
			children = (
				DAE7842323359F4100996DEF /* Base */,
			);
			name = Main.storyboard;
			sourceTree = "<group>";
		};
		DAE7842723359F4200996DEF /* LaunchScreen.storyboard */ = {
			isa = PBXVariantGroup;
			children = (
				DAE7842823359F4200996DEF /* Base */,
			);
			name = LaunchScreen.storyboard;
			sourceTree = "<group>";
		};
/* End PBXVariantGroup section */

/* Begin XCBuildConfiguration section */
		DAE7842B23359F4200996DEF /* Debug */ = {
			isa = XCBuildConfiguration;
			buildSettings = {
				ALWAYS_SEARCH_USER_PATHS = NO;
				CLANG_ANALYZER_NONNULL = YES;
				CLANG_ANALYZER_NUMBER_OBJECT_CONVERSION = YES_AGGRESSIVE;
				CLANG_CXX_LANGUAGE_STANDARD = "gnu++14";
				CLANG_CXX_LIBRARY = "libc++";
				CLANG_ENABLE_MODULES = YES;
				CLANG_ENABLE_OBJC_ARC = YES;
				CLANG_ENABLE_OBJC_WEAK = YES;
				CLANG_WARN_BLOCK_CAPTURE_AUTORELEASING = YES;
				CLANG_WARN_BOOL_CONVERSION = YES;
				CLANG_WARN_COMMA = YES;
				CLANG_WARN_CONSTANT_CONVERSION = YES;
				CLANG_WARN_DEPRECATED_OBJC_IMPLEMENTATIONS = YES;
				CLANG_WARN_DIRECT_OBJC_ISA_USAGE = YES_ERROR;
				CLANG_WARN_DOCUMENTATION_COMMENTS = YES;
				CLANG_WARN_EMPTY_BODY = YES;
				CLANG_WARN_ENUM_CONVERSION = YES;
				CLANG_WARN_INFINITE_RECURSION = YES;
				CLANG_WARN_INT_CONVERSION = YES;
				CLANG_WARN_NON_LITERAL_NULL_CONVERSION = YES;
				CLANG_WARN_OBJC_IMPLICIT_RETAIN_SELF = YES;
				CLANG_WARN_OBJC_LITERAL_CONVERSION = YES;
				CLANG_WARN_OBJC_ROOT_CLASS = YES_ERROR;
				CLANG_WARN_RANGE_LOOP_ANALYSIS = YES;
				CLANG_WARN_STRICT_PROTOTYPES = YES;
				CLANG_WARN_SUSPICIOUS_MOVE = YES;
				CLANG_WARN_UNGUARDED_AVAILABILITY = YES_AGGRESSIVE;
				CLANG_WARN_UNREACHABLE_CODE = YES;
				CLANG_WARN__DUPLICATE_METHOD_MATCH = YES;
				CODE_SIGN_IDENTITY = "iPhone Developer";
				COPY_PHASE_STRIP = NO;
				DEBUG_INFORMATION_FORMAT = dwarf;
				ENABLE_STRICT_OBJC_MSGSEND = YES;
				ENABLE_TESTABILITY = YES;
				GCC_C_LANGUAGE_STANDARD = gnu11;
				GCC_DYNAMIC_NO_PIC = NO;
				GCC_NO_COMMON_BLOCKS = YES;
				GCC_OPTIMIZATION_LEVEL = 0;
				GCC_PREPROCESSOR_DEFINITIONS = (
					"DEBUG=1",
					"$(inherited)",
				);
				GCC_WARN_64_TO_32_BIT_CONVERSION = YES;
				GCC_WARN_ABOUT_RETURN_TYPE = YES_ERROR;
				GCC_WARN_UNDECLARED_SELECTOR = YES;
				GCC_WARN_UNINITIALIZED_AUTOS = YES_AGGRESSIVE;
				GCC_WARN_UNUSED_FUNCTION = YES;
				GCC_WARN_UNUSED_VARIABLE = YES;
				IPHONEOS_DEPLOYMENT_TARGET = 12.4;
				MTL_ENABLE_DEBUG_INFO = INCLUDE_SOURCE;
				MTL_FAST_MATH = YES;
				ONLY_ACTIVE_ARCH = YES;
				SDKROOT = iphoneos;
				SWIFT_ACTIVE_COMPILATION_CONDITIONS = DEBUG;
				SWIFT_OPTIMIZATION_LEVEL = "-Onone";
			};
			name = Debug;
		};
		DAE7842C23359F4200996DEF /* Release */ = {
			isa = XCBuildConfiguration;
			buildSettings = {
				ALWAYS_SEARCH_USER_PATHS = NO;
				CLANG_ANALYZER_NONNULL = YES;
				CLANG_ANALYZER_NUMBER_OBJECT_CONVERSION = YES_AGGRESSIVE;
				CLANG_CXX_LANGUAGE_STANDARD = "gnu++14";
				CLANG_CXX_LIBRARY = "libc++";
				CLANG_ENABLE_MODULES = YES;
				CLANG_ENABLE_OBJC_ARC = YES;
				CLANG_ENABLE_OBJC_WEAK = YES;
				CLANG_WARN_BLOCK_CAPTURE_AUTORELEASING = YES;
				CLANG_WARN_BOOL_CONVERSION = YES;
				CLANG_WARN_COMMA = YES;
				CLANG_WARN_CONSTANT_CONVERSION = YES;
				CLANG_WARN_DEPRECATED_OBJC_IMPLEMENTATIONS = YES;
				CLANG_WARN_DIRECT_OBJC_ISA_USAGE = YES_ERROR;
				CLANG_WARN_DOCUMENTATION_COMMENTS = YES;
				CLANG_WARN_EMPTY_BODY = YES;
				CLANG_WARN_ENUM_CONVERSION = YES;
				CLANG_WARN_INFINITE_RECURSION = YES;
				CLANG_WARN_INT_CONVERSION = YES;
				CLANG_WARN_NON_LITERAL_NULL_CONVERSION = YES;
				CLANG_WARN_OBJC_IMPLICIT_RETAIN_SELF = YES;
				CLANG_WARN_OBJC_LITERAL_CONVERSION = YES;
				CLANG_WARN_OBJC_ROOT_CLASS = YES_ERROR;
				CLANG_WARN_RANGE_LOOP_ANALYSIS = YES;
				CLANG_WARN_STRICT_PROTOTYPES = YES;
				CLANG_WARN_SUSPICIOUS_MOVE = YES;
				CLANG_WARN_UNGUARDED_AVAILABILITY = YES_AGGRESSIVE;
				CLANG_WARN_UNREACHABLE_CODE = YES;
				CLANG_WARN__DUPLICATE_METHOD_MATCH = YES;
				CODE_SIGN_IDENTITY = "iPhone Developer";
				COPY_PHASE_STRIP = NO;
				DEBUG_INFORMATION_FORMAT = "dwarf-with-dsym";
				ENABLE_NS_ASSERTIONS = NO;
				ENABLE_STRICT_OBJC_MSGSEND = YES;
				GCC_C_LANGUAGE_STANDARD = gnu11;
				GCC_NO_COMMON_BLOCKS = YES;
				GCC_WARN_64_TO_32_BIT_CONVERSION = YES;
				GCC_WARN_ABOUT_RETURN_TYPE = YES_ERROR;
				GCC_WARN_UNDECLARED_SELECTOR = YES;
				GCC_WARN_UNINITIALIZED_AUTOS = YES_AGGRESSIVE;
				GCC_WARN_UNUSED_FUNCTION = YES;
				GCC_WARN_UNUSED_VARIABLE = YES;
				IPHONEOS_DEPLOYMENT_TARGET = 12.4;
				MTL_ENABLE_DEBUG_INFO = NO;
				MTL_FAST_MATH = YES;
				SDKROOT = iphoneos;
				SWIFT_COMPILATION_MODE = wholemodule;
				SWIFT_OPTIMIZATION_LEVEL = "-O";
				VALIDATE_PRODUCT = YES;
			};
			name = Release;
		};
		DAE7842E23359F4200996DEF /* Debug */ = {
			isa = XCBuildConfiguration;
			buildSettings = {
				ASSETCATALOG_COMPILER_APPICON_NAME = AppIcon;
				CODE_SIGN_STYLE = Automatic;
				DEVELOPMENT_TEAM = PLSSXHS7MZ;
				INFOPLIST_FILE = VDEE/Info.plist;
				LD_RUNPATH_SEARCH_PATHS = (
					"$(inherited)",
					"@executable_path/Frameworks",
				);
				PRODUCT_BUNDLE_IDENTIFIER = VDEE.VDEE;
				PRODUCT_NAME = "$(TARGET_NAME)";
				SWIFT_VERSION = 5.0;
				TARGETED_DEVICE_FAMILY = "1,2";
			};
			name = Debug;
		};
		DAE7842F23359F4200996DEF /* Release */ = {
			isa = XCBuildConfiguration;
			buildSettings = {
				ASSETCATALOG_COMPILER_APPICON_NAME = AppIcon;
				CODE_SIGN_STYLE = Automatic;
				DEVELOPMENT_TEAM = PLSSXHS7MZ;
				INFOPLIST_FILE = VDEE/Info.plist;
				LD_RUNPATH_SEARCH_PATHS = (
					"$(inherited)",
					"@executable_path/Frameworks",
				);
				PRODUCT_BUNDLE_IDENTIFIER = VDEE.VDEE;
				PRODUCT_NAME = "$(TARGET_NAME)";
				SWIFT_VERSION = 5.0;
				TARGETED_DEVICE_FAMILY = "1,2";
			};
			name = Release;
		};
/* End XCBuildConfiguration section */

/* Begin XCConfigurationList section */
		DAE7841623359F4100996DEF /* Build configuration list for PBXProject "VDEE" */ = {
			isa = XCConfigurationList;
			buildConfigurations = (
				DAE7842B23359F4200996DEF /* Debug */,
				DAE7842C23359F4200996DEF /* Release */,
			);
			defaultConfigurationIsVisible = 0;
			defaultConfigurationName = Release;
		};
		DAE7842D23359F4200996DEF /* Build configuration list for PBXNativeTarget "VDEE" */ = {
			isa = XCConfigurationList;
			buildConfigurations = (
				DAE7842E23359F4200996DEF /* Debug */,
				DAE7842F23359F4200996DEF /* Release */,
			);
			defaultConfigurationIsVisible = 0;
			defaultConfigurationName = Release;
		};
/* End XCConfigurationList section */
	};
	rootObject = DAE7841323359F4100996DEF /* Project object */;
}
